Microsoft Visual Studio Solution File, Format Version 12.00
# Visual Studio Version 17
VisualStudioVersion = 17.5.2.0
MinimumVisualStudioVersion = 10.0.40219.1
Project("{FAE04EC0-301F-11D3-BF4B-00C04F79EFBC}") = "PartnerEventsApi", "PartnerEventsApi\PartnerEventsApi.csproj", "{5276490F-22C2-901C-F940-F141B0B98225}"
EndProject
Global
	GlobalSection(SolutionConfigurationPlatforms) = preSolution
		Debug|Any CPU = Debug|Any CPU
		Release|Any CPU = Release|Any CPU
	EndGlobalSection
	GlobalSection(ProjectConfigurationPlatforms) = postSolution
		{5276490F-22C2-901C-F940-F141B0B98225}.Debug|Any CPU.ActiveCfg = Debug|Any CPU
		{5276490F-22C2-901C-F940-F141B0B98225}.Debug|Any CPU.Build.0 = Debug|Any CPU
		{5276490F-22C2-901C-F940-F141B0B98225}.Release|Any CPU.ActiveCfg = Release|Any CPU
		{5276490F-22C2-901C-F940-F141B0B98225}.Release|Any CPU.Build.0 = Release|Any CPU
	EndGlobalSection
	GlobalSection(SolutionProperties) = preSolution
		HideSolutionNode = FALSE
	EndGlobalSection
	GlobalSection(ExtensibilityGlobals) = postSolution
		SolutionGuid = {489B9B1E-F845-4E4A-BB7D-7CC38FF19620}
	EndGlobalSection
EndGlobal
